
Microsoft Visual Studio Solution File, Format Version 12.00
# Visual Studio Version 17
VisualStudioVersion = 17.4.33110.190
MinimumVisualStudioVersion = 10.0.40219.1
Project("{FAE04EC0-301F-11D3-BF4B-00C04F79EFBC}") = "Ovelse1-Slut", "Ovelse1-Slut\Ovelse1-Slut.csproj", "{CE981E5E-1C28-4D76-9F10-72C6186E0A6D}"
EndProject
Global
	GlobalSection(SolutionConfigurationPlatforms) = preSolution
		Debug|Any CPU = Debug|Any CPU
		Release|Any CPU = Release|Any CPU
	EndGlobalSection
	GlobalSection(ProjectConfigurationPlatforms) = postSolution
		{CE981E5E-1C28-4D76-9F10-72C6186E0A6D}.Debug|Any CPU.ActiveCfg = Debug|Any CPU
		{CE981E5E-1C28-4D76-9F10-72C6186E0A6D}.Debug|Any CPU.Build.0 = Debug|Any CPU
		{CE981E5E-1C28-4D76-9F10-72C6186E0A6D}.Release|Any CPU.ActiveCfg = Release|Any CPU
		{CE981E5E-1C28-4D76-9F10-72C6186E0A6D}.Release|Any CPU.Build.0 = Release|Any CPU
	EndGlobalSection
	GlobalSection(SolutionProperties) = preSolution
		HideSolutionNode = FALSE
	EndGlobalSection
	GlobalSection(ExtensibilityGlobals) = postSolution
		SolutionGuid = {EE19617D-92D0-45A6-BA65-8D908CB6F494}
	EndGlobalSection
EndGlobal
